
Microsoft Visual Studio Solution File, Format Version 12.00
# Visual Studio Version 17
VisualStudioVersion = 17.7.34221.43
MinimumVisualStudioVersion = 10.0.40219.1
Project("{FAE04EC0-301F-11D3-BF4B-00C04F79EFBC}") = "csharpmethod", "csharpmethod.csproj", "{97257264-E2F5-4CCF-9D10-D440C6993E95}"
EndProject
Global
	GlobalSection(SolutionConfigurationPlatforms) = preSolution
		Debug|Any CPU = Debug|Any CPU
		Release|Any CPU = Release|Any CPU
	EndGlobalSection
	GlobalSection(ProjectConfigurationPlatforms) = postSolution
		{97257264-E2F5-4CCF-9D10-D440C6993E95}.Debug|Any CPU.ActiveCfg = Debug|Any CPU
		{97257264-E2F5-4CCF-9D10-D440C6993E95}.Debug|Any CPU.Build.0 = Debug|Any CPU
		{97257264-E2F5-4CCF-9D10-D440C6993E95}.Release|Any CPU.ActiveCfg = Release|Any CPU
		{97257264-E2F5-4CCF-9D10-D440C6993E95}.Release|Any CPU.Build.0 = Release|Any CPU
	EndGlobalSection
	GlobalSection(SolutionProperties) = preSolution
		HideSolutionNode = FALSE
	EndGlobalSection
	GlobalSection(ExtensibilityGlobals) = postSolution
		SolutionGuid = {CDE2512E-A8B3-45C1-8588-D0F6485C23BD}
	EndGlobalSection
EndGlobal
